
Microsoft Visual Studio Solution File, Format Version 12.00
# Visual Studio Version 16
VisualStudioVersion = 25.0.1703.0
MinimumVisualStudioVersion = 10.0.40219.1
Project("{FAE04EC0-301F-11D3-BF4B-00C04F79EFBC}") = "MVCApp", "MVCApp\MVCApp.csproj", "{5A5C6E90-0F5F-428B-8C63-87F722405CF0}"
EndProject
Global
	GlobalSection(SolutionConfigurationPlatforms) = preSolution
		Debug|Any CPU = Debug|Any CPU
		Release|Any CPU = Release|Any CPU
	EndGlobalSection
	GlobalSection(ProjectConfigurationPlatforms) = postSolution
		{5A5C6E90-0F5F-428B-8C63-87F722405CF0}.Debug|Any CPU.ActiveCfg = Debug|Any CPU
		{5A5C6E90-0F5F-428B-8C63-87F722405CF0}.Debug|Any CPU.Build.0 = Debug|Any CPU
		{5A5C6E90-0F5F-428B-8C63-87F722405CF0}.Release|Any CPU.ActiveCfg = Release|Any CPU
		{5A5C6E90-0F5F-428B-8C63-87F722405CF0}.Release|Any CPU.Build.0 = Release|Any CPU
	EndGlobalSection
	GlobalSection(SolutionProperties) = preSolution
		HideSolutionNode = FALSE
	EndGlobalSection
	GlobalSection(ExtensibilityGlobals) = postSolution
		SolutionGuid = {8872324A-1F9B-498B-9BB0-DF2D6C0C28FF}
	EndGlobalSection
EndGlobal
